// !$*UTF8*$!
{
	archiveVersion = 1;
	classes = {
	};
	objectVersion = 50;
	objects = {

/* Begin PBXBuildFile section */
		650A170022F087FF00C93305 /* PuppiesListViewController.swift in Sources */ = {isa = PBXBuildFile; fileRef = 650A16FF22F087FF00C93305 /* PuppiesListViewController.swift */; };
		822AF17E2302F5B600731AD0 /* PuppyTableViewCell.swift in Sources */ = {isa = PBXBuildFile; fileRef = 822AF17D2302F5B600731AD0 /* PuppyTableViewCell.swift */; };
		822AF1892302F75000731AD0 /* puppy-1.jpg in Resources */ = {isa = PBXBuildFile; fileRef = 822AF17F2302F74F00731AD0 /* puppy-1.jpg */; };
		822AF18A2302F75000731AD0 /* puppy-10.jpg in Resources */ = {isa = PBXBuildFile; fileRef = 822AF1802302F74F00731AD0 /* puppy-10.jpg */; };
		822AF18B2302F75000731AD0 /* puppy-5.jpg in Resources */ = {isa = PBXBuildFile; fileRef = 822AF1812302F74F00731AD0 /* puppy-5.jpg */; };
		822AF18C2302F75000731AD0 /* puppy-8.jpg in Resources */ = {isa = PBXBuildFile; fileRef = 822AF1822302F74F00731AD0 /* puppy-8.jpg */; };
		822AF18D2302F75000731AD0 /* puppy-6.jpg in Resources */ = {isa = PBXBuildFile; fileRef = 822AF1832302F74F00731AD0 /* puppy-6.jpg */; };
		822AF18E2302F75000731AD0 /* puppy-3.jpg in Resources */ = {isa = PBXBuildFile; fileRef = 822AF1842302F74F00731AD0 /* puppy-3.jpg */; };
		822AF18F2302F75000731AD0 /* puppy-9.jpg in Resources */ = {isa = PBXBuildFile; fileRef = 822AF1852302F74F00731AD0 /* puppy-9.jpg */; };
		822AF1902302F75000731AD0 /* puppy-7.jpg in Resources */ = {isa = PBXBuildFile; fileRef = 822AF1862302F75000731AD0 /* puppy-7.jpg */; };
		822AF1912302F75000731AD0 /* puppy-4.jpg in Resources */ = {isa = PBXBuildFile; fileRef = 822AF1872302F75000731AD0 /* puppy-4.jpg */; };
		822AF1922302F75000731AD0 /* puppy-2.jpg in Resources */ = {isa = PBXBuildFile; fileRef = 822AF1882302F75000731AD0 /* puppy-2.jpg */; };
		823245A822E74C4500654823 /* AppDelegate.swift in Sources */ = {isa = PBXBuildFile; fileRef = 823245A722E74C4500654823 /* AppDelegate.swift */; };
		823245AA22E74C4500654823 /* ViewController.swift in Sources */ = {isa = PBXBuildFile; fileRef = 823245A922E74C4500654823 /* ViewController.swift */; };
		823245AD22E74C4500654823 /* Main.storyboard in Resources */ = {isa = PBXBuildFile; fileRef = 823245AB22E74C4500654823 /* Main.storyboard */; };
		823245AF22E74C4700654823 /* Assets.xcassets in Resources */ = {isa = PBXBuildFile; fileRef = 823245AE22E74C4700654823 /* Assets.xcassets */; };
		823245B222E74C4700654823 /* LaunchScreen.storyboard in Resources */ = {isa = PBXBuildFile; fileRef = 823245B022E74C4700654823 /* LaunchScreen.storyboard */; };
		823245BD22E74C4700654823 /* PuppiesTests.swift in Sources */ = {isa = PBXBuildFile; fileRef = 823245BC22E74C4700654823 /* PuppiesTests.swift */; };
		823245C822E74C4700654823 /* PuppiesUITests.swift in Sources */ = {isa = PBXBuildFile; fileRef = 823245C722E74C4700654823 /* PuppiesUITests.swift */; };
		823245D622E74FBD00654823 /* pic2.jpg in Resources */ = {isa = PBXBuildFile; fileRef = 823245D522E74FBD00654823 /* pic2.jpg */; };
/* End PBXBuildFile section */

/* Begin PBXContainerItemProxy section */
		823245B922E74C4700654823 /* PBXContainerItemProxy */ = {
			isa = PBXContainerItemProxy;
			containerPortal = 8232459C22E74C4500654823 /* Project object */;
			proxyType = 1;
			remoteGlobalIDString = 823245A322E74C4500654823;
			remoteInfo = Puppies;
		};
		823245C422E74C4700654823 /* PBXContainerItemProxy */ = {
			isa = PBXContainerItemProxy;
			containerPortal = 8232459C22E74C4500654823 /* Project object */;
			proxyType = 1;
			remoteGlobalIDString = 823245A322E74C4500654823;
			remoteInfo = Puppies;
		};
/* End PBXContainerItemProxy section */

/* Begin PBXFileReference section */
		650A16FF22F087FF00C93305 /* PuppiesListViewController.swift */ = {isa = PBXFileReference; lastKnownFileType = sourcecode.swift; path = PuppiesListViewController.swift; sourceTree = "<group>"; };
		822AF17D2302F5B600731AD0 /* PuppyTableViewCell.swift */ = {isa = PBXFileReference; lastKnownFileType = sourcecode.swift; path = PuppyTableViewCell.swift; sourceTree = "<group>"; };
		822AF17F2302F74F00731AD0 /* puppy-1.jpg */ = {isa = PBXFileReference; lastKnownFileType = image.jpeg; path = "puppy-1.jpg"; sourceTree = "<group>"; };
		822AF1802302F74F00731AD0 /* puppy-10.jpg */ = {isa = PBXFileReference; lastKnownFileType = image.jpeg; path = "puppy-10.jpg"; sourceTree = "<group>"; };
		822AF1812302F74F00731AD0 /* puppy-5.jpg */ = {isa = PBXFileReference; lastKnownFileType = image.jpeg; path = "puppy-5.jpg"; sourceTree = "<group>"; };
		822AF1822302F74F00731AD0 /* puppy-8.jpg */ = {isa = PBXFileReference; lastKnownFileType = image.jpeg; path = "puppy-8.jpg"; sourceTree = "<group>"; };
		822AF1832302F74F00731AD0 /* puppy-6.jpg */ = {isa = PBXFileReference; lastKnownFileType = image.jpeg; path = "puppy-6.jpg"; sourceTree = "<group>"; };
		822AF1842302F74F00731AD0 /* puppy-3.jpg */ = {isa = PBXFileReference; lastKnownFileType = image.jpeg; path = "puppy-3.jpg"; sourceTree = "<group>"; };
		822AF1852302F74F00731AD0 /* puppy-9.jpg */ = {isa = PBXFileReference; lastKnownFileType = image.jpeg; path = "puppy-9.jpg"; sourceTree = "<group>"; };
		822AF1862302F75000731AD0 /* puppy-7.jpg */ = {isa = PBXFileReference; lastKnownFileType = image.jpeg; path = "puppy-7.jpg"; sourceTree = "<group>"; };
		822AF1872302F75000731AD0 /* puppy-4.jpg */ = {isa = PBXFileReference; lastKnownFileType = image.jpeg; path = "puppy-4.jpg"; sourceTree = "<group>"; };
		822AF1882302F75000731AD0 /* puppy-2.jpg */ = {isa = PBXFileReference; lastKnownFileType = image.jpeg; path = "puppy-2.jpg"; sourceTree = "<group>"; };
		823245A422E74C4500654823 /* Puppies.app */ = {isa = PBXFileReference; explicitFileType = wrapper.application; includeInIndex = 0; path = Puppies.app; sourceTree = BUILT_PRODUCTS_DIR; };
		823245A722E74C4500654823 /* AppDelegate.swift */ = {isa = PBXFileReference; lastKnownFileType = sourcecode.swift; path = AppDelegate.swift; sourceTree = "<group>"; };
		823245A922E74C4500654823 /* ViewController.swift */ = {isa = PBXFileReference; lastKnownFileType = sourcecode.swift; path = ViewController.swift; sourceTree = "<group>"; };
		823245AC22E74C4500654823 /* Base */ = {isa = PBXFileReference; lastKnownFileType = file.storyboard; name = Base; path = Base.lproj/Main.storyboard; sourceTree = "<group>"; };
		823245AE22E74C4700654823 /* Assets.xcassets */ = {isa = PBXFileReference; lastKnownFileType = folder.assetcatalog; path = Assets.xcassets; sourceTree = "<group>"; };
		823245B122E74C4700654823 /* Base */ = {isa = PBXFileReference; lastKnownFileType = file.storyboard; name = Base; path = Base.lproj/LaunchScreen.storyboard; sourceTree = "<group>"; };
		823245B322E74C4700654823 /* Info.plist */ = {isa = PBXFileReference; lastKnownFileType = text.plist.xml; path = Info.plist; sourceTree = "<group>"; };
		823245B822E74C4700654823 /* PuppiesTests.xctest */ = {isa = PBXFileReference; explicitFileType = wrapper.cfbundle; includeInIndex = 0; path = PuppiesTests.xctest; sourceTree = BUILT_PRODUCTS_DIR; };
		823245BC22E74C4700654823 /* PuppiesTests.swift */ = {isa = PBXFileReference; lastKnownFileType = sourcecode.swift; path = PuppiesTests.swift; sourceTree = "<group>"; };
		823245BE22E74C4700654823 /* Info.plist */ = {isa = PBXFileReference; lastKnownFileType = text.plist.xml; path = Info.plist; sourceTree = "<group>"; };
		823245C322E74C4700654823 /* PuppiesUITests.xctest */ = {isa = PBXFileReference; explicitFileType = wrapper.cfbundle; includeInIndex = 0; path = PuppiesUITests.xctest; sourceTree = BUILT_PRODUCTS_DIR; };
		823245C722E74C4700654823 /* PuppiesUITests.swift */ = {isa = PBXFileReference; lastKnownFileType = sourcecode.swift; path = PuppiesUITests.swift; sourceTree = "<group>"; };
		823245C922E74C4700654823 /* Info.plist */ = {isa = PBXFileReference; lastKnownFileType = text.plist.xml; path = Info.plist; sourceTree = "<group>"; };
		823245D522E74FBD00654823 /* pic2.jpg */ = {isa = PBXFileReference; lastKnownFileType = image.jpeg; path = pic2.jpg; sourceTree = "<group>"; };
/* End PBXFileReference section */

/* Begin PBXFrameworksBuildPhase section */
		823245A122E74C4500654823 /* Frameworks */ = {
			isa = PBXFrameworksBuildPhase;
			buildActionMask = 2147483647;
			files = (
			);
			runOnlyForDeploymentPostprocessing = 0;
		};
		823245B522E74C4700654823 /* Frameworks */ = {
			isa = PBXFrameworksBuildPhase;
			buildActionMask = 2147483647;
			files = (
			);
			runOnlyForDeploymentPostprocessing = 0;
		};
		823245C022E74C4700654823 /* Frameworks */ = {
			isa = PBXFrameworksBuildPhase;
			buildActionMask = 2147483647;
			files = (
			);
			runOnlyForDeploymentPostprocessing = 0;
		};
/* End PBXFrameworksBuildPhase section */

/* Begin PBXGroup section */
		8232459B22E74C4500654823 = {
			isa = PBXGroup;
			children = (
				823245A622E74C4500654823 /* Puppies */,
				823245BB22E74C4700654823 /* PuppiesTests */,
				823245C622E74C4700654823 /* PuppiesUITests */,
				823245A522E74C4500654823 /* Products */,
			);
			sourceTree = "<group>";
		};
		823245A522E74C4500654823 /* Products */ = {
			isa = PBXGroup;
			children = (
				823245A422E74C4500654823 /* Puppies.app */,
				823245B822E74C4700654823 /* PuppiesTests.xctest */,
				823245C322E74C4700654823 /* PuppiesUITests.xctest */,
			);
			name = Products;
			sourceTree = "<group>";
		};
		823245A622E74C4500654823 /* Puppies */ = {
			isa = PBXGroup;
			children = (
				823245A722E74C4500654823 /* AppDelegate.swift */,
				823245A922E74C4500654823 /* ViewController.swift */,
				823245AB22E74C4500654823 /* Main.storyboard */,
				650A16FF22F087FF00C93305 /* PuppiesListViewController.swift */,
				822AF17D2302F5B600731AD0 /* PuppyTableViewCell.swift */,
				823245D522E74FBD00654823 /* pic2.jpg */,
				823245AE22E74C4700654823 /* Assets.xcassets */,
				823245B022E74C4700654823 /* LaunchScreen.storyboard */,
				823245B322E74C4700654823 /* Info.plist */,
				822AF17F2302F74F00731AD0 /* puppy-1.jpg */,
				822AF1882302F75000731AD0 /* puppy-2.jpg */,
				822AF1842302F74F00731AD0 /* puppy-3.jpg */,
				822AF1872302F75000731AD0 /* puppy-4.jpg */,
				822AF1812302F74F00731AD0 /* puppy-5.jpg */,
				822AF1832302F74F00731AD0 /* puppy-6.jpg */,
				822AF1862302F75000731AD0 /* puppy-7.jpg */,
				822AF1822302F74F00731AD0 /* puppy-8.jpg */,
				822AF1852302F74F00731AD0 /* puppy-9.jpg */,
				822AF1802302F74F00731AD0 /* puppy-10.jpg */,
			);
			path = Puppies;
			sourceTree = "<group>";
		};
		823245BB22E74C4700654823 /* PuppiesTests */ = {
			isa = PBXGroup;
			children = (
				823245BC22E74C4700654823 /* PuppiesTests.swift */,
				823245BE22E74C4700654823 /* Info.plist */,
			);
			path = PuppiesTests;
			sourceTree = "<group>";
		};
		823245C622E74C4700654823 /* PuppiesUITests */ = {
			isa = PBXGroup;
			children = (
				823245C722E74C4700654823 /* PuppiesUITests.swift */,
				823245C922E74C4700654823 /* Info.plist */,
			);
			path = PuppiesUITests;
			sourceTree = "<group>";
		};
/* End PBXGroup section */

/* Begin PBXNativeTarget section */
		823245A322E74C4500654823 /* Puppies */ = {
			isa = PBXNativeTarget;
			buildConfigurationList = 823245CC22E74C4700654823 /* Build configuration list for PBXNativeTarget "Puppies" */;
			buildPhases = (
				823245A022E74C4500654823 /* Sources */,
				823245A122E74C4500654823 /* Frameworks */,
				823245A222E74C4500654823 /* Resources */,
			);
			buildRules = (
			);
			dependencies = (
			);
			name = Puppies;
			productName = Puppies;
			productReference = 823245A422E74C4500654823 /* Puppies.app */;
			productType = "com.apple.product-type.application";
		};
		823245B722E74C4700654823 /* PuppiesTests */ = {
			isa = PBXNativeTarget;
			buildConfigurationList = 823245CF22E74C4700654823 /* Build configuration list for PBXNativeTarget "PuppiesTests" */;
			buildPhases = (
				823245B422E74C4700654823 /* Sources */,
				823245B522E74C4700654823 /* Frameworks */,
				823245B622E74C4700654823 /* Resources */,
			);
			buildRules = (
			);
			dependencies = (
				823245BA22E74C4700654823 /* PBXTargetDependency */,
			);
			name = PuppiesTests;
			productName = PuppiesTests;
			productReference = 823245B822E74C4700654823 /* PuppiesTests.xctest */;
			productType = "com.apple.product-type.bundle.unit-test";
		};
		823245C222E74C4700654823 /* PuppiesUITests */ = {
			isa = PBXNativeTarget;
			buildConfigurationList = 823245D222E74C4700654823 /* Build configuration list for PBXNativeTarget "PuppiesUITests" */;
			buildPhases = (
				823245BF22E74C4700654823 /* Sources */,
				823245C022E74C4700654823 /* Frameworks */,
				823245C122E74C4700654823 /* Resources */,
			);
			buildRules = (
			);
			dependencies = (
				823245C522E74C4700654823 /* PBXTargetDependency */,
			);
			name = PuppiesUITests;
			productName = PuppiesUITests;
			productReference = 823245C322E74C4700654823 /* PuppiesUITests.xctest */;
			productType = "com.apple.product-type.bundle.ui-testing";
		};
/* End PBXNativeTarget section */

/* Begin PBXProject section */
		8232459C22E74C4500654823 /* Project object */ = {
			isa = PBXProject;
			attributes = {
				LastSwiftUpdateCheck = 1020;
				LastUpgradeCheck = 1020;
				ORGANIZATIONNAME = "Iulia Monica Baltoi";
				TargetAttributes = {
					823245A322E74C4500654823 = {
						CreatedOnToolsVersion = 10.2.1;
					};
					823245B722E74C4700654823 = {
						CreatedOnToolsVersion = 10.2.1;
						TestTargetID = 823245A322E74C4500654823;
					};
					823245C222E74C4700654823 = {
						CreatedOnToolsVersion = 10.2.1;
						TestTargetID = 823245A322E74C4500654823;
					};
				};
			};
			buildConfigurationList = 8232459F22E74C4500654823 /* Build configuration list for PBXProject "Puppies" */;
			compatibilityVersion = "Xcode 9.3";
			developmentRegion = en;
			hasScannedForEncodings = 0;
			knownRegions = (
				en,
				Base,
			);
			mainGroup = 8232459B22E74C4500654823;
			productRefGroup = 823245A522E74C4500654823 /* Products */;
			projectDirPath = "";
			projectRoot = "";
			targets = (
				823245A322E74C4500654823 /* Puppies */,
				823245B722E74C4700654823 /* PuppiesTests */,
				823245C222E74C4700654823 /* PuppiesUITests */,
			);
		};
/* End PBXProject section */

/* Begin PBXResourcesBuildPhase section */
		823245A222E74C4500654823 /* Resources */ = {
			isa = PBXResourcesBuildPhase;
			buildActionMask = 2147483647;
			files = (
				823245B222E74C4700654823 /* LaunchScreen.storyboard in Resources */,
				822AF1912302F75000731AD0 /* puppy-4.jpg in Resources */,
				823245D622E74FBD00654823 /* pic2.jpg in Resources */,
				823245AF22E74C4700654823 /* Assets.xcassets in Resources */,
				822AF1892302F75000731AD0 /* puppy-1.jpg in Resources */,
				822AF1902302F75000731AD0 /* puppy-7.jpg in Resources */,
				822AF18D2302F75000731AD0 /* puppy-6.jpg in Resources */,
				823245AD22E74C4500654823 /* Main.storyboard in Resources */,
				822AF18E2302F75000731AD0 /* puppy-3.jpg in Resources */,
				822AF18C2302F75000731AD0 /* puppy-8.jpg in Resources */,
				822AF18F2302F75000731AD0 /* puppy-9.jpg in Resources */,
				822AF1922302F75000731AD0 /* puppy-2.jpg in Resources */,
				822AF18A2302F75000731AD0 /* puppy-10.jpg in Resources */,
				822AF18B2302F75000731AD0 /* puppy-5.jpg in Resources */,
			);
			runOnlyForDeploymentPostprocessing = 0;
		};
		823245B622E74C4700654823 /* Resources */ = {
			isa = PBXResourcesBuildPhase;
			buildActionMask = 2147483647;
			files = (
			);
			runOnlyForDeploymentPostprocessing = 0;
		};
		823245C122E74C4700654823 /* Resources */ = {
			isa = PBXResourcesBuildPhase;
			buildActionMask = 2147483647;
			files = (
			);
			runOnlyForDeploymentPostprocessing = 0;
		};
/* End PBXResourcesBuildPhase section */

/* Begin PBXSourcesBuildPhase section */
		823245A022E74C4500654823 /* Sources */ = {
			isa = PBXSourcesBuildPhase;
			buildActionMask = 2147483647;
			files = (
				822AF17E2302F5B600731AD0 /* PuppyTableViewCell.swift in Sources */,
				823245AA22E74C4500654823 /* ViewController.swift in Sources */,
				823245A822E74C4500654823 /* AppDelegate.swift in Sources */,
				650A170022F087FF00C93305 /* PuppiesListViewController.swift in Sources */,
			);
			runOnlyForDeploymentPostprocessing = 0;
		};
		823245B422E74C4700654823 /* Sources */ = {
			isa = PBXSourcesBuildPhase;
			buildActionMask = 2147483647;
			files = (
				823245BD22E74C4700654823 /* PuppiesTests.swift in Sources */,
			);
			runOnlyForDeploymentPostprocessing = 0;
		};
		823245BF22E74C4700654823 /* Sources */ = {
			isa = PBXSourcesBuildPhase;
			buildActionMask = 2147483647;
			files = (
				823245C822E74C4700654823 /* PuppiesUITests.swift in Sources */,
			);
			runOnlyForDeploymentPostprocessing = 0;
		};
/* End PBXSourcesBuildPhase section */

/* Begin PBXTargetDependency section */
		823245BA22E74C4700654823 /* PBXTargetDependency */ = {
			isa = PBXTargetDependency;
			target = 823245A322E74C4500654823 /* Puppies */;
			targetProxy = 823245B922E74C4700654823 /* PBXContainerItemProxy */;
		};
		823245C522E74C4700654823 /* PBXTargetDependency */ = {
			isa = PBXTargetDependency;
			target = 823245A322E74C4500654823 /* Puppies */;
			targetProxy = 823245C422E74C4700654823 /* PBXContainerItemProxy */;
		};
/* End PBXTargetDependency section */

/* Begin PBXVariantGroup section */
		823245AB22E74C4500654823 /* Main.storyboard */ = {
			isa = PBXVariantGroup;
			children = (
				823245AC22E74C4500654823 /* Base */,
			);
			name = Main.storyboard;
			sourceTree = "<group>";
		};
		823245B022E74C4700654823 /* LaunchScreen.storyboard */ = {
			isa = PBXVariantGroup;
			children = (
				823245B122E74C4700654823 /* Base */,
			);
			name = LaunchScreen.storyboard;
			sourceTree = "<group>";
		};
/* End PBXVariantGroup section */

/* Begin XCBuildConfiguration section */
		823245CA22E74C4700654823 /* Debug */ = {
			isa = XCBuildConfiguration;
			buildSettings = {
				ALWAYS_SEARCH_USER_PATHS = NO;
				CLANG_ANALYZER_NONNULL = YES;
				CLANG_ANALYZER_NUMBER_OBJECT_CONVERSION = YES_AGGRESSIVE;
				CLANG_CXX_LANGUAGE_STANDARD = "gnu++14";
				CLANG_CXX_LIBRARY = "libc++";
				CLANG_ENABLE_MODULES = YES;
				CLANG_ENABLE_OBJC_ARC = YES;
				CLANG_ENABLE_OBJC_WEAK = YES;
				CLANG_WARN_BLOCK_CAPTURE_AUTORELEASING = YES;
				CLANG_WARN_BOOL_CONVERSION = YES;
				CLANG_WARN_COMMA = YES;
				CLANG_WARN_CONSTANT_CONVERSION = YES;
				CLANG_WARN_DEPRECATED_OBJC_IMPLEMENTATIONS = YES;
				CLANG_WARN_DIRECT_OBJC_ISA_USAGE = YES_ERROR;
				CLANG_WARN_DOCUMENTATION_COMMENTS = YES;
				CLANG_WARN_EMPTY_BODY = YES;
				CLANG_WARN_ENUM_CONVERSION = YES;
				CLANG_WARN_INFINITE_RECURSION = YES;
				CLANG_WARN_INT_CONVERSION = YES;
				CLANG_WARN_NON_LITERAL_NULL_CONVERSION = YES;
				CLANG_WARN_OBJC_IMPLICIT_RETAIN_SELF = YES;
				CLANG_WARN_OBJC_LITERAL_CONVERSION = YES;
				CLANG_WARN_OBJC_ROOT_CLASS = YES_ERROR;
				CLANG_WARN_RANGE_LOOP_ANALYSIS = YES;
				CLANG_WARN_STRICT_PROTOTYPES = YES;
				CLANG_WARN_SUSPICIOUS_MOVE = YES;
				CLANG_WARN_UNGUARDED_AVAILABILITY = YES_AGGRESSIVE;
				CLANG_WARN_UNREACHABLE_CODE = YES;
				CLANG_WARN__DUPLICATE_METHOD_MATCH = YES;
				CODE_SIGN_IDENTITY = "iPhone Developer";
				COPY_PHASE_STRIP = NO;
				DEBUG_INFORMATION_FORMAT = dwarf;
				ENABLE_STRICT_OBJC_MSGSEND = YES;
				ENABLE_TESTABILITY = YES;
				GCC_C_LANGUAGE_STANDARD = gnu11;
				GCC_DYNAMIC_NO_PIC = NO;
				GCC_NO_COMMON_BLOCKS = YES;
				GCC_OPTIMIZATION_LEVEL = 0;
				GCC_PREPROCESSOR_DEFINITIONS = (
					"DEBUG=1",
					"$(inherited)",
				);
				GCC_WARN_64_TO_32_BIT_CONVERSION = YES;
				GCC_WARN_ABOUT_RETURN_TYPE = YES_ERROR;
				GCC_WARN_UNDECLARED_SELECTOR = YES;
				GCC_WARN_UNINITIALIZED_AUTOS = YES_AGGRESSIVE;
				GCC_WARN_UNUSED_FUNCTION = YES;
				GCC_WARN_UNUSED_VARIABLE = YES;
				IPHONEOS_DEPLOYMENT_TARGET = 12.2;
				MTL_ENABLE_DEBUG_INFO = INCLUDE_SOURCE;
				MTL_FAST_MATH = YES;
				ONLY_ACTIVE_ARCH = YES;
				SDKROOT = iphoneos;
				SWIFT_ACTIVE_COMPILATION_CONDITIONS = DEBUG;
				SWIFT_OPTIMIZATION_LEVEL = "-Onone";
			};
			name = Debug;
		};
		823245CB22E74C4700654823 /* Release */ = {
			isa = XCBuildConfiguration;
			buildSettings = {
				ALWAYS_SEARCH_USER_PATHS = NO;
				CLANG_ANALYZER_NONNULL = YES;
				CLANG_ANALYZER_NUMBER_OBJECT_CONVERSION = YES_AGGRESSIVE;
				CLANG_CXX_LANGUAGE_STANDARD = "gnu++14";
				CLANG_CXX_LIBRARY = "libc++";
				CLANG_ENABLE_MODULES = YES;
				CLANG_ENABLE_OBJC_ARC = YES;
				CLANG_ENABLE_OBJC_WEAK = YES;
				CLANG_WARN_BLOCK_CAPTURE_AUTORELEASING = YES;
				CLANG_WARN_BOOL_CONVERSION = YES;
				CLANG_WARN_COMMA = YES;
				CLANG_WARN_CONSTANT_CONVERSION = YES;
				CLANG_WARN_DEPRECATED_OBJC_IMPLEMENTATIONS = YES;
				CLANG_WARN_DIRECT_OBJC_ISA_USAGE = YES_ERROR;
				CLANG_WARN_DOCUMENTATION_COMMENTS = YES;
				CLANG_WARN_EMPTY_BODY = YES;
				CLANG_WARN_ENUM_CONVERSION = YES;
				CLANG_WARN_INFINITE_RECURSION = YES;
				CLANG_WARN_INT_CONVERSION = YES;
				CLANG_WARN_NON_LITERAL_NULL_CONVERSION = YES;
				CLANG_WARN_OBJC_IMPLICIT_RETAIN_SELF = YES;
				CLANG_WARN_OBJC_LITERAL_CONVERSION = YES;
				CLANG_WARN_OBJC_ROOT_CLASS = YES_ERROR;
				CLANG_WARN_RANGE_LOOP_ANALYSIS = YES;
				CLANG_WARN_STRICT_PROTOTYPES = YES;
				CLANG_WARN_SUSPICIOUS_MOVE = YES;
				CLANG_WARN_UNGUARDED_AVAILABILITY = YES_AGGRESSIVE;
				CLANG_WARN_UNREACHABLE_CODE = YES;
				CLANG_WARN__DUPLICATE_METHOD_MATCH = YES;
				CODE_SIGN_IDENTITY = "iPhone Developer";
				COPY_PHASE_STRIP = NO;
				DEBUG_INFORMATION_FORMAT = "dwarf-with-dsym";
				ENABLE_NS_ASSERTIONS = NO;
				ENABLE_STRICT_OBJC_MSGSEND = YES;
				GCC_C_LANGUAGE_STANDARD = gnu11;
				GCC_NO_COMMON_BLOCKS = YES;
				GCC_WARN_64_TO_32_BIT_CONVERSION = YES;
				GCC_WARN_ABOUT_RETURN_TYPE = YES_ERROR;
				GCC_WARN_UNDECLARED_SELECTOR = YES;
				GCC_WARN_UNINITIALIZED_AUTOS = YES_AGGRESSIVE;
				GCC_WARN_UNUSED_FUNCTION = YES;
				GCC_WARN_UNUSED_VARIABLE = YES;
				IPHONEOS_DEPLOYMENT_TARGET = 12.2;
				MTL_ENABLE_DEBUG_INFO = NO;
				MTL_FAST_MATH = YES;
				SDKROOT = iphoneos;
				SWIFT_COMPILATION_MODE = wholemodule;
				SWIFT_OPTIMIZATION_LEVEL = "-O";
				VALIDATE_PRODUCT = YES;
			};
			name = Release;
		};
		823245CD22E74C4700654823 /* Debug */ = {
			isa = XCBuildConfiguration;
			buildSettings = {
				ASSETCATALOG_COMPILER_APPICON_NAME = AppIcon;
				CODE_SIGN_STYLE = Automatic;
				INFOPLIST_FILE = Puppies/Info.plist;
				LD_RUNPATH_SEARCH_PATHS = (
					"$(inherited)",
					"@executable_path/Frameworks",
				);
				PRODUCT_BUNDLE_IDENTIFIER = com.sorin.Puppies;
				PRODUCT_NAME = "$(TARGET_NAME)";
				SWIFT_VERSION = 5.0;
				TARGETED_DEVICE_FAMILY = "1,2";
			};
			name = Debug;
		};
		823245CE22E74C4700654823 /* Release */ = {
			isa = XCBuildConfiguration;
			buildSettings = {
				ASSETCATALOG_COMPILER_APPICON_NAME = AppIcon;
				CODE_SIGN_STYLE = Automatic;
				INFOPLIST_FILE = Puppies/Info.plist;
				LD_RUNPATH_SEARCH_PATHS = (
					"$(inherited)",
					"@executable_path/Frameworks",
				);
				PRODUCT_BUNDLE_IDENTIFIER = com.sorin.Puppies;
				PRODUCT_NAME = "$(TARGET_NAME)";
				SWIFT_VERSION = 5.0;
				TARGETED_DEVICE_FAMILY = "1,2";
			};
			name = Release;
		};
		823245D022E74C4700654823 /* Debug */ = {
			isa = XCBuildConfiguration;
			buildSettings = {
				ALWAYS_EMBED_SWIFT_STANDARD_LIBRARIES = YES;
				BUNDLE_LOADER = "$(TEST_HOST)";
				CODE_SIGN_STYLE = Automatic;
				INFOPLIST_FILE = PuppiesTests/Info.plist;
				LD_RUNPATH_SEARCH_PATHS = (
					"$(inherited)",
					"@executable_path/Frameworks",
					"@loader_path/Frameworks",
				);
				PRODUCT_BUNDLE_IDENTIFIER = com.sorin.PuppiesTests;
				PRODUCT_NAME = "$(TARGET_NAME)";
				SWIFT_VERSION = 5.0;
				TARGETED_DEVICE_FAMILY = "1,2";
				TEST_HOST = "$(BUILT_PRODUCTS_DIR)/Puppies.app/Puppies";
			};
			name = Debug;
		};
		823245D122E74C4700654823 /* Release */ = {
			isa = XCBuildConfiguration;
			buildSettings = {
				ALWAYS_EMBED_SWIFT_STANDARD_LIBRARIES = YES;
				BUNDLE_LOADER = "$(TEST_HOST)";
				CODE_SIGN_STYLE = Automatic;
				INFOPLIST_FILE = PuppiesTests/Info.plist;
				LD_RUNPATH_SEARCH_PATHS = (
					"$(inherited)",
					"@executable_path/Frameworks",
					"@loader_path/Frameworks",
				);
				PRODUCT_BUNDLE_IDENTIFIER = com.sorin.PuppiesTests;
				PRODUCT_NAME = "$(TARGET_NAME)";
				SWIFT_VERSION = 5.0;
				TARGETED_DEVICE_FAMILY = "1,2";
				TEST_HOST = "$(BUILT_PRODUCTS_DIR)/Puppies.app/Puppies";
			};
			name = Release;
		};
		823245D322E74C4700654823 /* Debug */ = {
			isa = XCBuildConfiguration;
			buildSettings = {
				ALWAYS_EMBED_SWIFT_STANDARD_LIBRARIES = YES;
				CODE_SIGN_STYLE = Automatic;
				INFOPLIST_FILE = PuppiesUITests/Info.plist;
				LD_RUNPATH_SEARCH_PATHS = (
					"$(inherited)",
					"@executable_path/Frameworks",
					"@loader_path/Frameworks",
				);
				PRODUCT_BUNDLE_IDENTIFIER = com.sorin.PuppiesUITests;
				PRODUCT_NAME = "$(TARGET_NAME)";
				SWIFT_VERSION = 5.0;
				TARGETED_DEVICE_FAMILY = "1,2";
				TEST_TARGET_NAME = Puppies;
			};
			name = Debug;
		};
		823245D422E74C4700654823 /* Release */ = {
			isa = XCBuildConfiguration;
			buildSettings = {
				ALWAYS_EMBED_SWIFT_STANDARD_LIBRARIES = YES;
				CODE_SIGN_STYLE = Automatic;
				INFOPLIST_FILE = PuppiesUITests/Info.plist;
				LD_RUNPATH_SEARCH_PATHS = (
					"$(inherited)",
					"@executable_path/Frameworks",
					"@loader_path/Frameworks",
				);
				PRODUCT_BUNDLE_IDENTIFIER = com.sorin.PuppiesUITests;
				PRODUCT_NAME = "$(TARGET_NAME)";
				SWIFT_VERSION = 5.0;
				TARGETED_DEVICE_FAMILY = "1,2";
				TEST_TARGET_NAME = Puppies;
			};
			name = Release;
		};
/* End XCBuildConfiguration section */

/* Begin XCConfigurationList section */
		8232459F22E74C4500654823 /* Build configuration list for PBXProject "Puppies" */ = {
			isa = XCConfigurationList;
			buildConfigurations = (
				823245CA22E74C4700654823 /* Debug */,
				823245CB22E74C4700654823 /* Release */,
			);
			defaultConfigurationIsVisible = 0;
			defaultConfigurationName = Release;
		};
		823245CC22E74C4700654823 /* Build configuration list for PBXNativeTarget "Puppies" */ = {
			isa = XCConfigurationList;
			buildConfigurations = (
				823245CD22E74C4700654823 /* Debug */,
				823245CE22E74C4700654823 /* Release */,
			);
			defaultConfigurationIsVisible = 0;
			defaultConfigurationName = Release;
		};
		823245CF22E74C4700654823 /* Build configuration list for PBXNativeTarget "PuppiesTests" */ = {
			isa = XCConfigurationList;
			buildConfigurations = (
				823245D022E74C4700654823 /* Debug */,
				823245D122E74C4700654823 /* Release */,
			);
			defaultConfigurationIsVisible = 0;
			defaultConfigurationName = Release;
		};
		823245D222E74C4700654823 /* Build configuration list for PBXNativeTarget "PuppiesUITests" */ = {
			isa = XCConfigurationList;
			buildConfigurations = (
				823245D322E74C4700654823 /* Debug */,
				823245D422E74C4700654823 /* Release */,
			);
			defaultConfigurationIsVisible = 0;
			defaultConfigurationName = Release;
		};
/* End XCConfigurationList section */
	};
	rootObject = 8232459C22E74C4500654823 /* Project object */;
}
